
Microsoft Visual Studio Solution File, Format Version 12.00
# Visual Studio 15
VisualStudioVersion = 15.0.36001.139
MinimumVisualStudioVersion = 10.0.40219.1
Project("{FAE04EC0-301F-11D3-BF4B-00C04F79EFBC}") = "WindowsFormsApp", "WindowsFormsApp\WindowsFormsApp.csproj", "{79F651E1-62A5-4AA5-BD6B-3B9F3BAEE906}"
EndProject
Global
	GlobalSection(SolutionConfigurationPlatforms) = preSolution
		Debug|Any CPU = Debug|Any CPU
		Release|Any CPU = Release|Any CPU
	EndGlobalSection
	GlobalSection(ProjectConfigurationPlatforms) = postSolution
		{79F651E1-62A5-4AA5-BD6B-3B9F3BAEE906}.Debug|Any CPU.ActiveCfg = Debug|Any CPU
		{79F651E1-62A5-4AA5-BD6B-3B9F3BAEE906}.Debug|Any CPU.Build.0 = Debug|Any CPU
		{79F651E1-62A5-4AA5-BD6B-3B9F3BAEE906}.Release|Any CPU.ActiveCfg = Release|Any CPU
		{79F651E1-62A5-4AA5-BD6B-3B9F3BAEE906}.Release|Any CPU.Build.0 = Release|Any CPU
	EndGlobalSection
	GlobalSection(SolutionProperties) = preSolution
		HideSolutionNode = FALSE
	EndGlobalSection
	GlobalSection(ExtensibilityGlobals) = postSolution
		SolutionGuid = {CE36D623-D722-4B48-A9C7-9EBBFC2A9906}
	EndGlobalSection
EndGlobal
